
Microsoft Visual Studio Solution File, Format Version 12.00
# Visual Studio Version 16
VisualStudioVersion = 16.0.809.7
MinimumVisualStudioVersion = 10.0.40219.1
Project("{FAE04EC0-301F-11D3-BF4B-00C04F79EFBC}") = "charter", "charter.csproj", "{761A174E-235D-4678-9D19-6580B0B65B2F}"
EndProject
Project("{D954291E-2A0B-460D-934E-DC6B0785DB48}") = "chart-project", "..\chart-project\chart-project.shproj", "{D40BDFA0-1AD1-4CA2-9359-B2BA735D57B6}"
EndProject
Global
	GlobalSection(SolutionConfigurationPlatforms) = preSolution
		Debug|Any CPU = Debug|Any CPU
		Release|Any CPU = Release|Any CPU
	EndGlobalSection
	GlobalSection(ProjectConfigurationPlatforms) = postSolution
		{761A174E-235D-4678-9D19-6580B0B65B2F}.Debug|Any CPU.ActiveCfg = Debug|Any CPU
		{761A174E-235D-4678-9D19-6580B0B65B2F}.Debug|Any CPU.Build.0 = Debug|Any CPU
		{761A174E-235D-4678-9D19-6580B0B65B2F}.Release|Any CPU.ActiveCfg = Release|Any CPU
		{761A174E-235D-4678-9D19-6580B0B65B2F}.Release|Any CPU.Build.0 = Release|Any CPU
	EndGlobalSection
	GlobalSection(SolutionProperties) = preSolution
		HideSolutionNode = FALSE
	EndGlobalSection
	GlobalSection(ExtensibilityGlobals) = postSolution
		SolutionGuid = {3CA968D7-E12D-4C18-9F7F-D41441355EA6}
	EndGlobalSection
EndGlobal
